Microsoft Visual Studio Solution File, Format Version 12.00
# Visual Studio 2012
Project("{FAE04EC0-301F-11D3-BF4B-00C04F79EFBC}") = "Pong Multiplayer", "Pong Multiplayer.csproj", "{3AA13EF0-CB50-4167-A52E-617FA734B3A3}"
EndProject
Global
	GlobalSection(SolutionConfigurationPlatforms) = preSolution
	Debug|Any CPU = Debug|Any CPU
	Release|Any CPU = Release|Any CPU
	Tools|Any CPU = Tools|Any CPU
	EndGlobalSection
	GlobalSection(ProjectConfigurationPlatforms) = postSolution
		{3AA13EF0-CB50-4167-A52E-617FA734B3A3}.Debug|Any CPU.ActiveCfg = Debug|Any CPU
		{3AA13EF0-CB50-4167-A52E-617FA734B3A3}.Debug|Any CPU.Build.0 = Debug|Any CPU
		{3AA13EF0-CB50-4167-A52E-617FA734B3A3}.Release|Any CPU.ActiveCfg = Release|Any CPU
		{3AA13EF0-CB50-4167-A52E-617FA734B3A3}.Release|Any CPU.Build.0 = Release|Any CPU
		{3AA13EF0-CB50-4167-A52E-617FA734B3A3}.Tools|Any CPU.ActiveCfg = Tools|Any CPU
		{3AA13EF0-CB50-4167-A52E-617FA734B3A3}.Tools|Any CPU.Build.0 = Tools|Any CPU
	EndGlobalSection
EndGlobal
